// !$*UTF8*$!
{
	archiveVersion = 1;
	classes = {
	};
	objectVersion = 46;
	objects = {

/* Begin PBXBuildFile section */
		4B0127641E248160000CE773 /* readme.md in Sources */ = {isa = PBXBuildFile; fileRef = 4B0127631E248160000CE773 /* readme.md */; };
		4B0127661E2481A1000CE773 /* print.PNG in Resources */ = {isa = PBXBuildFile; fileRef = 4B0127651E2481A1000CE773 /* print.PNG */; };
		4BC36A1A1E22FF5900A2F1FC /* AppDelegate.swift in Sources */ = {isa = PBXBuildFile; fileRef = 4BC36A191E22FF5900A2F1FC /* AppDelegate.swift */; };
		4BC36A1C1E22FF5900A2F1FC /* ViewController.swift in Sources */ = {isa = PBXBuildFile; fileRef = 4BC36A1B1E22FF5900A2F1FC /* ViewController.swift */; };
		4BC36A1F1E22FF5900A2F1FC /* Main.storyboard in Resources */ = {isa = PBXBuildFile; fileRef = 4BC36A1D1E22FF5900A2F1FC /* Main.storyboard */; };
		4BC36A211E22FF5900A2F1FC /* Assets.xcassets in Resources */ = {isa = PBXBuildFile; fileRef = 4BC36A201E22FF5900A2F1FC /* Assets.xcassets */; };
		4BC36A241E22FF5900A2F1FC /* LaunchScreen.storyboard in Resources */ = {isa = PBXBuildFile; fileRef = 4BC36A221E22FF5900A2F1FC /* LaunchScreen.storyboard */; };
		4BEC06FB1E258C7E00A47DF1 /* cute-dog-icon-png-26.png in Resources */ = {isa = PBXBuildFile; fileRef = 4BEC06FA1E258C7E00A47DF1 /* cute-dog-icon-png-26.png */; };
/* End PBXBuildFile section */

/* Begin PBXFileReference section */
		4B0127631E248160000CE773 /* readme.md */ = {isa = PBXFileReference; fileEncoding = 4; lastKnownFileType = net.daringfireball.markdown; path = readme.md; sourceTree = "<group>"; };
		4B0127651E2481A1000CE773 /* print.PNG */ = {isa = PBXFileReference; lastKnownFileType = image.png; path = print.PNG; sourceTree = "<group>"; };
		4BC36A161E22FF5900A2F1FC /* IdadeCachorro.app */ = {isa = PBXFileReference; explicitFileType = wrapper.application; includeInIndex = 0; path = IdadeCachorro.app; sourceTree = BUILT_PRODUCTS_DIR; };
		4BC36A191E22FF5900A2F1FC /* AppDelegate.swift */ = {isa = PBXFileReference; lastKnownFileType = sourcecode.swift; path = AppDelegate.swift; sourceTree = "<group>"; };
		4BC36A1B1E22FF5900A2F1FC /* ViewController.swift */ = {isa = PBXFileReference; lastKnownFileType = sourcecode.swift; path = ViewController.swift; sourceTree = "<group>"; };
		4BC36A1E1E22FF5900A2F1FC /* Base */ = {isa = PBXFileReference; lastKnownFileType = file.storyboard; name = Base; path = Base.lproj/Main.storyboard; sourceTree = "<group>"; };
		4BC36A201E22FF5900A2F1FC /* Assets.xcassets */ = {isa = PBXFileReference; lastKnownFileType = folder.assetcatalog; path = Assets.xcassets; sourceTree = "<group>"; };
		4BC36A231E22FF5900A2F1FC /* Base */ = {isa = PBXFileReference; lastKnownFileType = file.storyboard; name = Base; path = Base.lproj/LaunchScreen.storyboard; sourceTree = "<group>"; };
		4BC36A251E22FF5900A2F1FC /* Info.plist */ = {isa = PBXFileReference; lastKnownFileType = text.plist.xml; path = Info.plist; sourceTree = "<group>"; };
		4BEC06FA1E258C7E00A47DF1 /* cute-dog-icon-png-26.png */ = {isa = PBXFileReference; lastKnownFileType = image.png; path = "cute-dog-icon-png-26.png"; sourceTree = "<group>"; };
/* End PBXFileReference section */

/* Begin PBXFrameworksBuildPhase section */
		4BC36A131E22FF5800A2F1FC /* Frameworks */ = {
			isa = PBXFrameworksBuildPhase;
			buildActionMask = 2147483647;
			files = (
			);
			runOnlyForDeploymentPostprocessing = 0;
		};
/* End PBXFrameworksBuildPhase section */

/* Begin PBXGroup section */
		4BC36A0D1E22FF5800A2F1FC = {
			isa = PBXGroup;
			children = (
				4B0127651E2481A1000CE773 /* print.PNG */,
				4B0127631E248160000CE773 /* readme.md */,
				4BC36A181E22FF5900A2F1FC /* IdadeCachorro */,
				4BC36A171E22FF5900A2F1FC /* Products */,
			);
			sourceTree = "<group>";
		};
		4BC36A171E22FF5900A2F1FC /* Products */ = {
			isa = PBXGroup;
			children = (
				4BC36A161E22FF5900A2F1FC /* IdadeCachorro.app */,
			);
			name = Products;
			sourceTree = "<group>";
		};
		4BC36A181E22FF5900A2F1FC /* IdadeCachorro */ = {
			isa = PBXGroup;
			children = (
				4BEC06FA1E258C7E00A47DF1 /* cute-dog-icon-png-26.png */,
				4BC36A191E22FF5900A2F1FC /* AppDelegate.swift */,
				4BC36A1B1E22FF5900A2F1FC /* ViewController.swift */,
				4BC36A1D1E22FF5900A2F1FC /* Main.storyboard */,
				4BC36A201E22FF5900A2F1FC /* Assets.xcassets */,
				4BC36A221E22FF5900A2F1FC /* LaunchScreen.storyboard */,
				4BC36A251E22FF5900A2F1FC /* Info.plist */,
			);
			path = IdadeCachorro;
			sourceTree = "<group>";
		};
/* End PBXGroup section */

/* Begin PBXNativeTarget section */
		4BC36A151E22FF5800A2F1FC /* IdadeCachorro */ = {
			isa = PBXNativeTarget;
			buildConfigurationList = 4BC36A281E22FF5900A2F1FC /* Build configuration list for PBXNativeTarget "IdadeCachorro" */;
			buildPhases = (
				4BC36A121E22FF5800A2F1FC /* Sources */,
				4BC36A131E22FF5800A2F1FC /* Frameworks */,
				4BC36A141E22FF5800A2F1FC /* Resources */,
			);
			buildRules = (
			);
			dependencies = (
			);
			name = IdadeCachorro;
			productName = IdadeCachorro;
			productReference = 4BC36A161E22FF5900A2F1FC /* IdadeCachorro.app */;
			productType = "com.apple.product-type.application";
		};
/* End PBXNativeTarget section */

/* Begin PBXProject section */
		4BC36A0E1E22FF5800A2F1FC /* Project object */ = {
			isa = PBXProject;
			attributes = {
				LastSwiftUpdateCheck = 0820;
				LastUpgradeCheck = 0820;
				ORGANIZATIONNAME = "Guilherme Assemany";
				TargetAttributes = {
					4BC36A151E22FF5800A2F1FC = {
						CreatedOnToolsVersion = 8.2;
						DevelopmentTeam = MH8HNXC5B8;
						ProvisioningStyle = Automatic;
					};
				};
			};
			buildConfigurationList = 4BC36A111E22FF5800A2F1FC /* Build configuration list for PBXProject "IdadeCachorro" */;
			compatibilityVersion = "Xcode 3.2";
			developmentRegion = English;
			hasScannedForEncodings = 0;
			knownRegions = (
				en,
				Base,
			);
			mainGroup = 4BC36A0D1E22FF5800A2F1FC;
			productRefGroup = 4BC36A171E22FF5900A2F1FC /* Products */;
			projectDirPath = "";
			projectRoot = "";
			targets = (
				4BC36A151E22FF5800A2F1FC /* IdadeCachorro */,
			);
		};
/* End PBXProject section */

/* Begin PBXResourcesBuildPhase section */
		4BC36A141E22FF5800A2F1FC /* Resources */ = {
			isa = PBXResourcesBuildPhase;
			buildActionMask = 2147483647;
			files = (
				4B0127661E2481A1000CE773 /* print.PNG in Resources */,
				4BEC06FB1E258C7E00A47DF1 /* cute-dog-icon-png-26.png in Resources */,
				4BC36A241E22FF5900A2F1FC /* LaunchScreen.storyboard in Resources */,
				4BC36A211E22FF5900A2F1FC /* Assets.xcassets in Resources */,
				4BC36A1F1E22FF5900A2F1FC /* Main.storyboard in Resources */,
			);
			runOnlyForDeploymentPostprocessing = 0;
		};
/* End PBXResourcesBuildPhase section */

/* Begin PBXSourcesBuildPhase section */
		4BC36A121E22FF5800A2F1FC /* Sources */ = {
			isa = PBXSourcesBuildPhase;
			buildActionMask = 2147483647;
			files = (
				4BC36A1C1E22FF5900A2F1FC /* ViewController.swift in Sources */,
				4B0127641E248160000CE773 /* readme.md in Sources */,
				4BC36A1A1E22FF5900A2F1FC /* AppDelegate.swift in Sources */,
			);
			runOnlyForDeploymentPostprocessing = 0;
		};
/* End PBXSourcesBuildPhase section */

/* Begin PBXVariantGroup section */
		4BC36A1D1E22FF5900A2F1FC /* Main.storyboard */ = {
			isa = PBXVariantGroup;
			children = (
				4BC36A1E1E22FF5900A2F1FC /* Base */,
			);
			name = Main.storyboard;
			sourceTree = "<group>";
		};
		4BC36A221E22FF5900A2F1FC /* LaunchScreen.storyboard */ = {
			isa = PBXVariantGroup;
			children = (
				4BC36A231E22FF5900A2F1FC /* Base */,
			);
			name = LaunchScreen.storyboard;
			sourceTree = "<group>";
		};
/* End PBXVariantGroup section */

/* Begin XCBuildConfiguration section */
		4BC36A261E22FF5900A2F1FC /* Debug */ = {
			isa = XCBuildConfiguration;
			buildSettings = {
				ALWAYS_SEARCH_USER_PATHS = NO;
				CLANG_ANALYZER_NONNULL = YES;
				CLANG_CXX_LANGUAGE_STANDARD = "gnu++0x";
				CLANG_CXX_LIBRARY = "libc++";
				CLANG_ENABLE_MODULES = YES;
				CLANG_ENABLE_OBJC_ARC = YES;
				CLANG_WARN_BOOL_CONVERSION = YES;
				CLANG_WARN_CONSTANT_CONVERSION = YES;
				CLANG_WARN_DIRECT_OBJC_ISA_USAGE = YES_ERROR;
				CLANG_WARN_DOCUMENTATION_COMMENTS = YES;
				CLANG_WARN_EMPTY_BODY = YES;
				CLANG_WARN_ENUM_CONVERSION = YES;
				CLANG_WARN_INFINITE_RECURSION = YES;
				CLANG_WARN_INT_CONVERSION = YES;
				CLANG_WARN_OBJC_ROOT_CLASS = YES_ERROR;
				CLANG_WARN_SUSPICIOUS_MOVE = YES;
				CLANG_WARN_UNREACHABLE_CODE = YES;
				CLANG_WARN__DUPLICATE_METHOD_MATCH = YES;
				"CODE_SIGN_IDENTITY[sdk=iphoneos*]" = "iPhone Developer";
				COPY_PHASE_STRIP = NO;
				DEBUG_INFORMATION_FORMAT = dwarf;
				ENABLE_STRICT_OBJC_MSGSEND = YES;
				ENABLE_TESTABILITY = YES;
				GCC_C_LANGUAGE_STANDARD = gnu99;
				GCC_DYNAMIC_NO_PIC = NO;
				GCC_NO_COMMON_BLOCKS = YES;
				GCC_OPTIMIZATION_LEVEL = 0;
				GCC_PREPROCESSOR_DEFINITIONS = (
					"DEBUG=1",
					"$(inherited)",
				);
				GCC_WARN_64_TO_32_BIT_CONVERSION = YES;
				GCC_WARN_ABOUT_RETURN_TYPE = YES_ERROR;
				GCC_WARN_UNDECLARED_SELECTOR = YES;
				GCC_WARN_UNINITIALIZED_AUTOS = YES_AGGRESSIVE;
				GCC_WARN_UNUSED_FUNCTION = YES;
				GCC_WARN_UNUSED_VARIABLE = YES;
				IPHONEOS_DEPLOYMENT_TARGET = 10.2;
				MTL_ENABLE_DEBUG_INFO = YES;
				ONLY_ACTIVE_ARCH = YES;
				SDKROOT = iphoneos;
				SWIFT_ACTIVE_COMPILATION_CONDITIONS = DEBUG;
				SWIFT_OPTIMIZATION_LEVEL = "-Onone";
				TARGETED_DEVICE_FAMILY = "1,2";
			};
			name = Debug;
		};
		4BC36A271E22FF5900A2F1FC /* Release */ = {
			isa = XCBuildConfiguration;
			buildSettings = {
				ALWAYS_SEARCH_USER_PATHS = NO;
				CLANG_ANALYZER_NONNULL = YES;
				CLANG_CXX_LANGUAGE_STANDARD = "gnu++0x";
				CLANG_CXX_LIBRARY = "libc++";
				CLANG_ENABLE_MODULES = YES;
				CLANG_ENABLE_OBJC_ARC = YES;
				CLANG_WARN_BOOL_CONVERSION = YES;
				CLANG_WARN_CONSTANT_CONVERSION = YES;
				CLANG_WARN_DIRECT_OBJC_ISA_USAGE = YES_ERROR;
				CLANG_WARN_DOCUMENTATION_COMMENTS = YES;
				CLANG_WARN_EMPTY_BODY = YES;
				CLANG_WARN_ENUM_CONVERSION = YES;
				CLANG_WARN_INFINITE_RECURSION = YES;
				CLANG_WARN_INT_CONVERSION = YES;
				CLANG_WARN_OBJC_ROOT_CLASS = YES_ERROR;
				CLANG_WARN_SUSPICIOUS_MOVE = YES;
				CLANG_WARN_UNREACHABLE_CODE = YES;
				CLANG_WARN__DUPLICATE_METHOD_MATCH = YES;
				"CODE_SIGN_IDENTITY[sdk=iphoneos*]" = "iPhone Developer";
				COPY_PHASE_STRIP = NO;
				DEBUG_INFORMATION_FORMAT = "dwarf-with-dsym";
				ENABLE_NS_ASSERTIONS = NO;
				ENABLE_STRICT_OBJC_MSGSEND = YES;
				GCC_C_LANGUAGE_STANDARD = gnu99;
				GCC_NO_COMMON_BLOCKS = YES;
				GCC_WARN_64_TO_32_BIT_CONVERSION = YES;
				GCC_WARN_ABOUT_RETURN_TYPE = YES_ERROR;
				GCC_WARN_UNDECLARED_SELECTOR = YES;
				GCC_WARN_UNINITIALIZED_AUTOS = YES_AGGRESSIVE;
				GCC_WARN_UNUSED_FUNCTION = YES;
				GCC_WARN_UNUSED_VARIABLE = YES;
				IPHONEOS_DEPLOYMENT_TARGET = 10.2;
				MTL_ENABLE_DEBUG_INFO = NO;
				SDKROOT = iphoneos;
				SWIFT_OPTIMIZATION_LEVEL = "-Owholemodule";
				TARGETED_DEVICE_FAMILY = "1,2";
				VALIDATE_PRODUCT = YES;
			};
			name = Release;
		};
		4BC36A291E22FF5900A2F1FC /* Debug */ = {
			isa = XCBuildConfiguration;
			buildSettings = {
				ASSETCATALOG_COMPILER_APPICON_NAME = AppIcon;
				CODE_SIGN_IDENTITY = "iPhone Developer";
				"CODE_SIGN_IDENTITY[sdk=iphoneos*]" = "iPhone Developer";
				DEVELOPMENT_TEAM = MH8HNXC5B8;
				INFOPLIST_FILE = IdadeCachorro/Info.plist;
				LD_RUNPATH_SEARCH_PATHS = "$(inherited) @executable_path/Frameworks";
				PRODUCT_BUNDLE_IDENTIFIER = com.assemany.IdadeCachorro;
				PRODUCT_NAME = "$(TARGET_NAME)";
				SWIFT_VERSION = 3.0;
			};
			name = Debug;
		};
		4BC36A2A1E22FF5900A2F1FC /* Release */ = {
			isa = XCBuildConfiguration;
			buildSettings = {
				ASSETCATALOG_COMPILER_APPICON_NAME = AppIcon;
				CODE_SIGN_IDENTITY = "iPhone Developer";
				"CODE_SIGN_IDENTITY[sdk=iphoneos*]" = "iPhone Developer";
				DEVELOPMENT_TEAM = MH8HNXC5B8;
				INFOPLIST_FILE = IdadeCachorro/Info.plist;
				LD_RUNPATH_SEARCH_PATHS = "$(inherited) @executable_path/Frameworks";
				PRODUCT_BUNDLE_IDENTIFIER = com.assemany.IdadeCachorro;
				PRODUCT_NAME = "$(TARGET_NAME)";
				SWIFT_VERSION = 3.0;
			};
			name = Release;
		};
/* End XCBuildConfiguration section */

/* Begin XCConfigurationList section */
		4BC36A111E22FF5800A2F1FC /* Build configuration list for PBXProject "IdadeCachorro" */ = {
			isa = XCConfigurationList;
			buildConfigurations = (
				4BC36A261E22FF5900A2F1FC /* Debug */,
				4BC36A271E22FF5900A2F1FC /* Release */,
			);
			defaultConfigurationIsVisible = 0;
			defaultConfigurationName = Release;
		};
		4BC36A281E22FF5900A2F1FC /* Build configuration list for PBXNativeTarget "IdadeCachorro" */ = {
			isa = XCConfigurationList;
			buildConfigurations = (
				4BC36A291E22FF5900A2F1FC /* Debug */,
				4BC36A2A1E22FF5900A2F1FC /* Release */,
			);
			defaultConfigurationIsVisible = 0;
			defaultConfigurationName = Release;
		};
/* End XCConfigurationList section */
	};
	rootObject = 4BC36A0E1E22FF5800A2F1FC /* Project object */;
}
